
Microsoft Visual Studio Solution File, Format Version 12.00
# Visual Studio Version 16
VisualStudioVersion = 16.0.29306.81
MinimumVisualStudioVersion = 10.0.40219.1
Project("{FAE04EC0-301F-11D3-BF4B-00C04F79EFBC}") = "ConsoleApp1", "ConsoleApp1\ConsoleApp1.csproj", "{5F071700-4548-4675-8F02-41814F8FC82D}"
EndProject
Global
	GlobalSection(SolutionConfigurationPlatforms) = preSolution
		Debug|Any CPU = Debug|Any CPU
		Release|Any CPU = Release|Any CPU
	EndGlobalSection
	GlobalSection(ProjectConfigurationPlatforms) = postSolution
		{5F071700-4548-4675-8F02-41814F8FC82D}.Debug|Any CPU.ActiveCfg = Debug|Any CPU
		{5F071700-4548-4675-8F02-41814F8FC82D}.Debug|Any CPU.Build.0 = Debug|Any CPU
		{5F071700-4548-4675-8F02-41814F8FC82D}.Release|Any CPU.ActiveCfg = Release|Any CPU
		{5F071700-4548-4675-8F02-41814F8FC82D}.Release|Any CPU.Build.0 = Release|Any CPU
	EndGlobalSection
	GlobalSection(SolutionProperties) = preSolution
		HideSolutionNode = FALSE
	EndGlobalSection
	GlobalSection(ExtensibilityGlobals) = postSolution
		SolutionGuid = {9D208359-20F2-4310-BED1-43480B277984}
	EndGlobalSection
EndGlobal
